
Microsoft Visual Studio Solution File, Format Version 12.00
# Visual Studio Version 18
VisualStudioVersion = 18.4.11612.150 stable
MinimumVisualStudioVersion = 10.0.40219.1
Project("{FAE04EC0-301F-11D3-BF4B-00C04F79EFBC}") = "AbstractFactory", "AbstractFactory.csproj", "{9658041F-05F0-4E4D-9773-68704C0EEAF5}"
EndProject
Global
	GlobalSection(SolutionConfigurationPlatforms) = preSolution
		Debug|Any CPU = Debug|Any CPU
		Release|Any CPU = Release|Any CPU
	EndGlobalSection
	GlobalSection(ProjectConfigurationPlatforms) = postSolution
		{9658041F-05F0-4E4D-9773-68704C0EEAF5}.Debug|Any CPU.ActiveCfg = Debug|Any CPU
		{9658041F-05F0-4E4D-9773-68704C0EEAF5}.Debug|Any CPU.Build.0 = Debug|Any CPU
		{9658041F-05F0-4E4D-9773-68704C0EEAF5}.Release|Any CPU.ActiveCfg = Release|Any CPU
		{9658041F-05F0-4E4D-9773-68704C0EEAF5}.Release|Any CPU.Build.0 = Release|Any CPU
	EndGlobalSection
	GlobalSection(SolutionProperties) = preSolution
		HideSolutionNode = FALSE
	EndGlobalSection
	GlobalSection(ExtensibilityGlobals) = postSolution
		SolutionGuid = {70340651-1D09-496F-B790-9B636F79F9C9}
	EndGlobalSection
EndGlobal
